
Microsoft Visual Studio Solution File, Format Version 12.00
# Visual Studio Version 16
VisualStudioVersion = 16.0.30413.136
MinimumVisualStudioVersion = 10.0.40219.1
Project("{FAE04EC0-301F-11D3-BF4B-00C04F79EFBC}") = "WebRequestExample", "WebRequestExample\WebRequestExample.csproj", "{FBBFAADE-500E-4673-B0FB-248F37D96BA1}"
EndProject
Global
	GlobalSection(SolutionConfigurationPlatforms) = preSolution
		Debug|Any CPU = Debug|Any CPU
		Release|Any CPU = Release|Any CPU
	EndGlobalSection
	GlobalSection(ProjectConfigurationPlatforms) = postSolution
		{FBBFAADE-500E-4673-B0FB-248F37D96BA1}.Debug|Any CPU.ActiveCfg = Debug|Any CPU
		{FBBFAADE-500E-4673-B0FB-248F37D96BA1}.Debug|Any CPU.Build.0 = Debug|Any CPU
		{FBBFAADE-500E-4673-B0FB-248F37D96BA1}.Release|Any CPU.ActiveCfg = Release|Any CPU
		{FBBFAADE-500E-4673-B0FB-248F37D96BA1}.Release|Any CPU.Build.0 = Release|Any CPU
	EndGlobalSection
	GlobalSection(SolutionProperties) = preSolution
		HideSolutionNode = FALSE
	EndGlobalSection
	GlobalSection(ExtensibilityGlobals) = postSolution
		SolutionGuid = {F3F7891A-7905-4DA3-B007-CBEDF5FCB46F}
	EndGlobalSection
EndGlobal
